
Microsoft Visual Studio Solution File, Format Version 12.00
# Visual Studio Version 17
VisualStudioVersion = 17.13.35828.75 d17.13
MinimumVisualStudioVersion = 10.0.40219.1
Project("{FAE04EC0-301F-11D3-BF4B-00C04F79EFBC}") = "DistributeurBoissonsChaudes", "DistributeurBoissonsChaudes.csproj", "{EFBFBB51-2D39-4144-B9F0-1897397FFA0B}"
EndProject
Global
	GlobalSection(SolutionConfigurationPlatforms) = preSolution
		Debug|Any CPU = Debug|Any CPU
		Release|Any CPU = Release|Any CPU
	EndGlobalSection
	GlobalSection(ProjectConfigurationPlatforms) = postSolution
		{EFBFBB51-2D39-4144-B9F0-1897397FFA0B}.Debug|Any CPU.ActiveCfg = Debug|Any CPU
		{EFBFBB51-2D39-4144-B9F0-1897397FFA0B}.Debug|Any CPU.Build.0 = Debug|Any CPU
		{EFBFBB51-2D39-4144-B9F0-1897397FFA0B}.Release|Any CPU.ActiveCfg = Release|Any CPU
		{EFBFBB51-2D39-4144-B9F0-1897397FFA0B}.Release|Any CPU.Build.0 = Release|Any CPU
	EndGlobalSection
	GlobalSection(SolutionProperties) = preSolution
		HideSolutionNode = FALSE
	EndGlobalSection
	GlobalSection(ExtensibilityGlobals) = postSolution
		SolutionGuid = {84BE1BF0-C724-4688-91D7-CDBEBED1F1F4}
	EndGlobalSection
EndGlobal
